// !$*UTF8*$!
{
	archiveVersion = 1;
	classes = {
	};
	objectVersion = 50;
	objects = {

/* Begin PBXBuildFile section */
		3FE8640B2715690700BE2F6D /* AppDelegate.m in Sources */ = {isa = PBXBuildFile; fileRef = 3FE8640A2715690700BE2F6D /* AppDelegate.m */; };
		3FE8640E2715690700BE2F6D /* SceneDelegate.m in Sources */ = {isa = PBXBuildFile; fileRef = 3FE8640D2715690700BE2F6D /* SceneDelegate.m */; };
		3FE864112715690700BE2F6D /* ViewController.m in Sources */ = {isa = PBXBuildFile; fileRef = 3FE864102715690700BE2F6D /* ViewController.m */; };
		3FE864142715690700BE2F6D /* Main.storyboard in Resources */ = {isa = PBXBuildFile; fileRef = 3FE864122715690700BE2F6D /* Main.storyboard */; };
		3FE864172715690700BE2F6D /* Zadanie2.xcdatamodeld in Sources */ = {isa = PBXBuildFile; fileRef = 3FE864152715690700BE2F6D /* Zadanie2.xcdatamodeld */; };
		3FE864192715690A00BE2F6D /* Assets.xcassets in Resources */ = {isa = PBXBuildFile; fileRef = 3FE864182715690A00BE2F6D /* Assets.xcassets */; };
		3FE8641C2715690A00BE2F6D /* LaunchScreen.storyboard in Resources */ = {isa = PBXBuildFile; fileRef = 3FE8641A2715690A00BE2F6D /* LaunchScreen.storyboard */; };
		3FE8641F2715690A00BE2F6D /* main.m in Sources */ = {isa = PBXBuildFile; fileRef = 3FE8641E2715690A00BE2F6D /* main.m */; };
		3FE86427271571C700BE2F6D /* SecondViewController.m in Sources */ = {isa = PBXBuildFile; fileRef = 3FE86426271571C700BE2F6D /* SecondViewController.m */; };
/* End PBXBuildFile section */

/* Begin PBXFileReference section */
		3FE864062715690700BE2F6D /* Zadanie2.app */ = {isa = PBXFileReference; explicitFileType = wrapper.application; includeInIndex = 0; path = Zadanie2.app; sourceTree = BUILT_PRODUCTS_DIR; };
		3FE864092715690700BE2F6D /* AppDelegate.h */ = {isa = PBXFileReference; lastKnownFileType = sourcecode.c.h; path = AppDelegate.h; sourceTree = "<group>"; };
		3FE8640A2715690700BE2F6D /* AppDelegate.m */ = {isa = PBXFileReference; lastKnownFileType = sourcecode.c.objc; path = AppDelegate.m; sourceTree = "<group>"; };
		3FE8640C2715690700BE2F6D /* SceneDelegate.h */ = {isa = PBXFileReference; lastKnownFileType = sourcecode.c.h; path = SceneDelegate.h; sourceTree = "<group>"; };
		3FE8640D2715690700BE2F6D /* SceneDelegate.m */ = {isa = PBXFileReference; lastKnownFileType = sourcecode.c.objc; path = SceneDelegate.m; sourceTree = "<group>"; };
		3FE8640F2715690700BE2F6D /* ViewController.h */ = {isa = PBXFileReference; lastKnownFileType = sourcecode.c.h; path = ViewController.h; sourceTree = "<group>"; };
		3FE864102715690700BE2F6D /* ViewController.m */ = {isa = PBXFileReference; lastKnownFileType = sourcecode.c.objc; path = ViewController.m; sourceTree = "<group>"; };
		3FE864132715690700BE2F6D /* Base */ = {isa = PBXFileReference; lastKnownFileType = file.storyboard; name = Base; path = Base.lproj/Main.storyboard; sourceTree = "<group>"; };
		3FE864162715690700BE2F6D /* Zadanie2.xcdatamodel */ = {isa = PBXFileReference; lastKnownFileType = wrapper.xcdatamodel; path = Zadanie2.xcdatamodel; sourceTree = "<group>"; };
		3FE864182715690A00BE2F6D /* Assets.xcassets */ = {isa = PBXFileReference; lastKnownFileType = folder.assetcatalog; path = Assets.xcassets; sourceTree = "<group>"; };
		3FE8641B2715690A00BE2F6D /* Base */ = {isa = PBXFileReference; lastKnownFileType = file.storyboard; name = Base; path = Base.lproj/LaunchScreen.storyboard; sourceTree = "<group>"; };
		3FE8641D2715690A00BE2F6D /* Info.plist */ = {isa = PBXFileReference; lastKnownFileType = text.plist.xml; path = Info.plist; sourceTree = "<group>"; };
		3FE8641E2715690A00BE2F6D /* main.m */ = {isa = PBXFileReference; lastKnownFileType = sourcecode.c.objc; path = main.m; sourceTree = "<group>"; };
		3FE86425271571C700BE2F6D /* SecondViewController.h */ = {isa = PBXFileReference; lastKnownFileType = sourcecode.c.h; path = SecondViewController.h; sourceTree = "<group>"; };
		3FE86426271571C700BE2F6D /* SecondViewController.m */ = {isa = PBXFileReference; lastKnownFileType = sourcecode.c.objc; path = SecondViewController.m; sourceTree = "<group>"; };
/* End PBXFileReference section */

/* Begin PBXFrameworksBuildPhase section */
		3FE864032715690700BE2F6D /* Frameworks */ = {
			isa = PBXFrameworksBuildPhase;
			buildActionMask = 2147483647;
			files = (
			);
			runOnlyForDeploymentPostprocessing = 0;
		};
/* End PBXFrameworksBuildPhase section */

/* Begin PBXGroup section */
		3FE863FD2715690600BE2F6D = {
			isa = PBXGroup;
			children = (
				3FE864082715690700BE2F6D /* Zadanie2 */,
				3FE864072715690700BE2F6D /* Products */,
			);
			sourceTree = "<group>";
		};
		3FE864072715690700BE2F6D /* Products */ = {
			isa = PBXGroup;
			children = (
				3FE864062715690700BE2F6D /* Zadanie2.app */,
			);
			name = Products;
			sourceTree = "<group>";
		};
		3FE864082715690700BE2F6D /* Zadanie2 */ = {
			isa = PBXGroup;
			children = (
				3FE864092715690700BE2F6D /* AppDelegate.h */,
				3FE8640A2715690700BE2F6D /* AppDelegate.m */,
				3FE8640C2715690700BE2F6D /* SceneDelegate.h */,
				3FE8640D2715690700BE2F6D /* SceneDelegate.m */,
				3FE8640F2715690700BE2F6D /* ViewController.h */,
				3FE864102715690700BE2F6D /* ViewController.m */,
				3FE864122715690700BE2F6D /* Main.storyboard */,
				3FE86425271571C700BE2F6D /* SecondViewController.h */,
				3FE86426271571C700BE2F6D /* SecondViewController.m */,
				3FE864182715690A00BE2F6D /* Assets.xcassets */,
				3FE8641A2715690A00BE2F6D /* LaunchScreen.storyboard */,
				3FE8641D2715690A00BE2F6D /* Info.plist */,
				3FE8641E2715690A00BE2F6D /* main.m */,
				3FE864152715690700BE2F6D /* Zadanie2.xcdatamodeld */,
			);
			path = Zadanie2;
			sourceTree = "<group>";
		};
/* End PBXGroup section */

/* Begin PBXNativeTarget section */
		3FE864052715690700BE2F6D /* Zadanie2 */ = {
			isa = PBXNativeTarget;
			buildConfigurationList = 3FE864222715690A00BE2F6D /* Build configuration list for PBXNativeTarget "Zadanie2" */;
			buildPhases = (
				3FE864022715690700BE2F6D /* Sources */,
				3FE864032715690700BE2F6D /* Frameworks */,
				3FE864042715690700BE2F6D /* Resources */,
			);
			buildRules = (
			);
			dependencies = (
			);
			name = Zadanie2;
			productName = Zadanie2;
			productReference = 3FE864062715690700BE2F6D /* Zadanie2.app */;
			productType = "com.apple.product-type.application";
		};
/* End PBXNativeTarget section */

/* Begin PBXProject section */
		3FE863FE2715690600BE2F6D /* Project object */ = {
			isa = PBXProject;
			attributes = {
				LastUpgradeCheck = 1110;
				ORGANIZATIONNAME = "PB WI";
				TargetAttributes = {
					3FE864052715690700BE2F6D = {
						CreatedOnToolsVersion = 11.1;
					};
				};
			};
			buildConfigurationList = 3FE864012715690600BE2F6D /* Build configuration list for PBXProject "Zadanie2" */;
			compatibilityVersion = "Xcode 9.3";
			developmentRegion = en;
			hasScannedForEncodings = 0;
			knownRegions = (
				en,
				Base,
			);
			mainGroup = 3FE863FD2715690600BE2F6D;
			productRefGroup = 3FE864072715690700BE2F6D /* Products */;
			projectDirPath = "";
			projectRoot = "";
			targets = (
				3FE864052715690700BE2F6D /* Zadanie2 */,
			);
		};
/* End PBXProject section */

/* Begin PBXResourcesBuildPhase section */
		3FE864042715690700BE2F6D /* Resources */ = {
			isa = PBXResourcesBuildPhase;
			buildActionMask = 2147483647;
			files = (
				3FE8641C2715690A00BE2F6D /* LaunchScreen.storyboard in Resources */,
				3FE864192715690A00BE2F6D /* Assets.xcassets in Resources */,
				3FE864142715690700BE2F6D /* Main.storyboard in Resources */,
			);
			runOnlyForDeploymentPostprocessing = 0;
		};
/* End PBXResourcesBuildPhase section */

/* Begin PBXSourcesBuildPhase section */
		3FE864022715690700BE2F6D /* Sources */ = {
			isa = PBXSourcesBuildPhase;
			buildActionMask = 2147483647;
			files = (
				3FE86427271571C700BE2F6D /* SecondViewController.m in Sources */,
				3FE8641F2715690A00BE2F6D /* main.m in Sources */,
				3FE864112715690700BE2F6D /* ViewController.m in Sources */,
				3FE8640B2715690700BE2F6D /* AppDelegate.m in Sources */,
				3FE8640E2715690700BE2F6D /* SceneDelegate.m in Sources */,
				3FE864172715690700BE2F6D /* Zadanie2.xcdatamodeld in Sources */,
			);
			runOnlyForDeploymentPostprocessing = 0;
		};
/* End PBXSourcesBuildPhase section */

/* Begin PBXVariantGroup section */
		3FE864122715690700BE2F6D /* Main.storyboard */ = {
			isa = PBXVariantGroup;
			children = (
				3FE864132715690700BE2F6D /* Base */,
			);
			name = Main.storyboard;
			sourceTree = "<group>";
		};
		3FE8641A2715690A00BE2F6D /* LaunchScreen.storyboard */ = {
			isa = PBXVariantGroup;
			children = (
				3FE8641B2715690A00BE2F6D /* Base */,
			);
			name = LaunchScreen.storyboard;
			sourceTree = "<group>";
		};
/* End PBXVariantGroup section */

/* Begin XCBuildConfiguration section */
		3FE864202715690A00BE2F6D /* Debug */ = {
			isa = XCBuildConfiguration;
			buildSettings = {
				ALWAYS_SEARCH_USER_PATHS = NO;
				CLANG_ANALYZER_NONNULL = YES;
				CLANG_ANALYZER_NUMBER_OBJECT_CONVERSION = YES_AGGRESSIVE;
				CLANG_CXX_LANGUAGE_STANDARD = "gnu++14";
				CLANG_CXX_LIBRARY = "libc++";
				CLANG_ENABLE_MODULES = YES;
				CLANG_ENABLE_OBJC_ARC = YES;
				CLANG_ENABLE_OBJC_WEAK = YES;
				CLANG_WARN_BLOCK_CAPTURE_AUTORELEASING = YES;
				CLANG_WARN_BOOL_CONVERSION = YES;
				CLANG_WARN_COMMA = YES;
				CLANG_WARN_CONSTANT_CONVERSION = YES;
				CLANG_WARN_DEPRECATED_OBJC_IMPLEMENTATIONS = YES;
				CLANG_WARN_DIRECT_OBJC_ISA_USAGE = YES_ERROR;
				CLANG_WARN_DOCUMENTATION_COMMENTS = YES;
				CLANG_WARN_EMPTY_BODY = YES;
				CLANG_WARN_ENUM_CONVERSION = YES;
				CLANG_WARN_INFINITE_RECURSION = YES;
				CLANG_WARN_INT_CONVERSION = YES;
				CLANG_WARN_NON_LITERAL_NULL_CONVERSION = YES;
				CLANG_WARN_OBJC_IMPLICIT_RETAIN_SELF = YES;
				CLANG_WARN_OBJC_LITERAL_CONVERSION = YES;
				CLANG_WARN_OBJC_ROOT_CLASS = YES_ERROR;
				CLANG_WARN_RANGE_LOOP_ANALYSIS = YES;
				CLANG_WARN_STRICT_PROTOTYPES = YES;
				CLANG_WARN_SUSPICIOUS_MOVE = YES;
				CLANG_WARN_UNGUARDED_AVAILABILITY = YES_AGGRESSIVE;
				CLANG_WARN_UNREACHABLE_CODE = YES;
				CLANG_WARN__DUPLICATE_METHOD_MATCH = YES;
				COPY_PHASE_STRIP = NO;
				DEBUG_INFORMATION_FORMAT = dwarf;
				ENABLE_STRICT_OBJC_MSGSEND = YES;
				ENABLE_TESTABILITY = YES;
				GCC_C_LANGUAGE_STANDARD = gnu11;
				GCC_DYNAMIC_NO_PIC = NO;
				GCC_NO_COMMON_BLOCKS = YES;
				GCC_OPTIMIZATION_LEVEL = 0;
				GCC_PREPROCESSOR_DEFINITIONS = (
					"DEBUG=1",
					"$(inherited)",
				);
				GCC_WARN_64_TO_32_BIT_CONVERSION = YES;
				GCC_WARN_ABOUT_RETURN_TYPE = YES_ERROR;
				GCC_WARN_UNDECLARED_SELECTOR = YES;
				GCC_WARN_UNINITIALIZED_AUTOS = YES_AGGRESSIVE;
				GCC_WARN_UNUSED_FUNCTION = YES;
				GCC_WARN_UNUSED_VARIABLE = YES;
				IPHONEOS_DEPLOYMENT_TARGET = 13.1;
				MTL_ENABLE_DEBUG_INFO = INCLUDE_SOURCE;
				MTL_FAST_MATH = YES;
				ONLY_ACTIVE_ARCH = YES;
				SDKROOT = iphoneos;
			};
			name = Debug;
		};
		3FE864212715690A00BE2F6D /* Release */ = {
			isa = XCBuildConfiguration;
			buildSettings = {
				ALWAYS_SEARCH_USER_PATHS = NO;
				CLANG_ANALYZER_NONNULL = YES;
				CLANG_ANALYZER_NUMBER_OBJECT_CONVERSION = YES_AGGRESSIVE;
				CLANG_CXX_LANGUAGE_STANDARD = "gnu++14";
				CLANG_CXX_LIBRARY = "libc++";
				CLANG_ENABLE_MODULES = YES;
				CLANG_ENABLE_OBJC_ARC = YES;
				CLANG_ENABLE_OBJC_WEAK = YES;
				CLANG_WARN_BLOCK_CAPTURE_AUTORELEASING = YES;
				CLANG_WARN_BOOL_CONVERSION = YES;
				CLANG_WARN_COMMA = YES;
				CLANG_WARN_CONSTANT_CONVERSION = YES;
				CLANG_WARN_DEPRECATED_OBJC_IMPLEMENTATIONS = YES;
				CLANG_WARN_DIRECT_OBJC_ISA_USAGE = YES_ERROR;
				CLANG_WARN_DOCUMENTATION_COMMENTS = YES;
				CLANG_WARN_EMPTY_BODY = YES;
				CLANG_WARN_ENUM_CONVERSION = YES;
				CLANG_WARN_INFINITE_RECURSION = YES;
				CLANG_WARN_INT_CONVERSION = YES;
				CLANG_WARN_NON_LITERAL_NULL_CONVERSION = YES;
				CLANG_WARN_OBJC_IMPLICIT_RETAIN_SELF = YES;
				CLANG_WARN_OBJC_LITERAL_CONVERSION = YES;
				CLANG_WARN_OBJC_ROOT_CLASS = YES_ERROR;
				CLANG_WARN_RANGE_LOOP_ANALYSIS = YES;
				CLANG_WARN_STRICT_PROTOTYPES = YES;
				CLANG_WARN_SUSPICIOUS_MOVE = YES;
				CLANG_WARN_UNGUARDED_AVAILABILITY = YES_AGGRESSIVE;
				CLANG_WARN_UNREACHABLE_CODE = YES;
				CLANG_WARN__DUPLICATE_METHOD_MATCH = YES;
				COPY_PHASE_STRIP = NO;
				DEBUG_INFORMATION_FORMAT = "dwarf-with-dsym";
				ENABLE_NS_ASSERTIONS = NO;
				ENABLE_STRICT_OBJC_MSGSEND = YES;
				GCC_C_LANGUAGE_STANDARD = gnu11;
				GCC_NO_COMMON_BLOCKS = YES;
				GCC_WARN_64_TO_32_BIT_CONVERSION = YES;
				GCC_WARN_ABOUT_RETURN_TYPE = YES_ERROR;
				GCC_WARN_UNDECLARED_SELECTOR = YES;
				GCC_WARN_UNINITIALIZED_AUTOS = YES_AGGRESSIVE;
				GCC_WARN_UNUSED_FUNCTION = YES;
				GCC_WARN_UNUSED_VARIABLE = YES;
				IPHONEOS_DEPLOYMENT_TARGET = 13.1;
				MTL_ENABLE_DEBUG_INFO = NO;
				MTL_FAST_MATH = YES;
				SDKROOT = iphoneos;
				VALIDATE_PRODUCT = YES;
			};
			name = Release;
		};
		3FE864232715690A00BE2F6D /* Debug */ = {
			isa = XCBuildConfiguration;
			buildSettings = {
				ASSETCATALOG_COMPILER_APPICON_NAME = AppIcon;
				CODE_SIGN_STYLE = Automatic;
				INFOPLIST_FILE = Zadanie2/Info.plist;
				LD_RUNPATH_SEARCH_PATHS = (
					"$(inherited)",
					"@executable_path/Frameworks",
				);
				PRODUCT_BUNDLE_IDENTIFIER = wipb.Zadanie2;
				PRODUCT_NAME = "$(TARGET_NAME)";
				TARGETED_DEVICE_FAMILY = "1,2";
			};
			name = Debug;
		};
		3FE864242715690A00BE2F6D /* Release */ = {
			isa = XCBuildConfiguration;
			buildSettings = {
				ASSETCATALOG_COMPILER_APPICON_NAME = AppIcon;
				CODE_SIGN_STYLE = Automatic;
				INFOPLIST_FILE = Zadanie2/Info.plist;
				LD_RUNPATH_SEARCH_PATHS = (
					"$(inherited)",
					"@executable_path/Frameworks",
				);
				PRODUCT_BUNDLE_IDENTIFIER = wipb.Zadanie2;
				PRODUCT_NAME = "$(TARGET_NAME)";
				TARGETED_DEVICE_FAMILY = "1,2";
			};
			name = Release;
		};
/* End XCBuildConfiguration section */

/* Begin XCConfigurationList section */
		3FE864012715690600BE2F6D /* Build configuration list for PBXProject "Zadanie2" */ = {
			isa = XCConfigurationList;
			buildConfigurations = (
				3FE864202715690A00BE2F6D /* Debug */,
				3FE864212715690A00BE2F6D /* Release */,
			);
			defaultConfigurationIsVisible = 0;
			defaultConfigurationName = Release;
		};
		3FE864222715690A00BE2F6D /* Build configuration list for PBXNativeTarget "Zadanie2" */ = {
			isa = XCConfigurationList;
			buildConfigurations = (
				3FE864232715690A00BE2F6D /* Debug */,
				3FE864242715690A00BE2F6D /* Release */,
			);
			defaultConfigurationIsVisible = 0;
			defaultConfigurationName = Release;
		};
/* End XCConfigurationList section */

/* Begin XCVersionGroup section */
		3FE864152715690700BE2F6D /* Zadanie2.xcdatamodeld */ = {
			isa = XCVersionGroup;
			children = (
				3FE864162715690700BE2F6D /* Zadanie2.xcdatamodel */,
			);
			currentVersion = 3FE864162715690700BE2F6D /* Zadanie2.xcdatamodel */;
			path = Zadanie2.xcdatamodeld;
			sourceTree = "<group>";
			versionGroupType = wrapper.xcdatamodel;
		};
/* End XCVersionGroup section */
	};
	rootObject = 3FE863FE2715690600BE2F6D /* Project object */;
}
